# The cloned-voices (F5) pack's site-packages, pass 1 of 2: wheels only, --require-hashes --no-deps.
# The versions of the tested environment the app already ran F5 with (f5-tts-mlx 0.2.6 on MLX 0.29.3 —
# pinned: newer MLX rejects f5-tts-mlx 0.2.6's noise tensor), for CPython 3.12 on Apple silicon.
# setuptools is here so pass 2 (requirements-sdist.lock: jieba, which ships no wheel) builds offline.
anyio==4.15.1 --hash=sha256:6152fdbbf9a77fdec97731721bebf7c4c44f7c29b424b0065826173efc7ed101
certifi==2026.7.22 --hash=sha256:62f22742b58a1a33014a2b6b706588a8d7e2a88ae7bd1a6ebe8c992928483775
cffi==2.1.1 --hash=sha256:f81b3b8f3d4e343550fa4baa0e479bba9f2d29ce9c2e9b51d1ce1718d7442fcf
click==8.5.0 --hash=sha256:255bc9599cf7748b4b1a446ccc735421bd08a2ae529a8b88597d3de5664ee360
einops==0.8.2 --hash=sha256:54058201ac7087911181bfec4af6091bb59380360f069276601256a76af08193
einx==0.4.3 --hash=sha256:47ce54a0144f6dffcfacdd8fe2cc9e2e5e6485dda2471330ab75ee747dd22f39
f5-tts-mlx==0.2.6 --hash=sha256:bfb7d4c5c9020436f8bb16a8051d8a42c8a83b940b634a71a127024bb6554ec4
filelock==4.0.1 --hash=sha256:481a321a27bef441e23c53371c6abc8d7d16e26b97090074ba44f7538a3fd55a
frozendict==2.4.7 --hash=sha256:972af65924ea25cf5b4d9326d549e69a9a4918d8a76a9d3a7cd174d98b237550
fsspec==2026.9.0 --hash=sha256:8dd6e646e99ea382bd85f97a45e6b526a442d79423a7dc673f1e2756d05fcb5f
h11==0.16.0 --hash=sha256:63cf8bbe7522de3bf65932fda1d9c2772064ffb3dae62d55932da54b31cb6c86
hf-xet==1.6.0 --hash=sha256:f0906082d9932ae0c0057fa194041c22b4e2cdb46b2592ef3b91f020d62a081a
httpcore==1.0.9 --hash=sha256:2d400746a40668fc9dec9810239072b40b4484b640a8c38fd654a024c7a1bf55
httpx==0.28.1 --hash=sha256:d909fcccc110f8c7faf814ca82a9a4d816bc5a6dbfea25d6591d6985b8ba59ad
huggingface-hub==1.32.0 --hash=sha256:b0c7c80561969d9cdacdd55fce67ba9584cca0b9d4ea80957a3a5c1445fac5c8
idna==3.20 --hash=sha256:ab7ae7122974553370f0bdb919e1a960b2cd1bc1ef0276416d896db81c14582c
mlx==0.29.3 --hash=sha256:cddf6bcdc561094af6b3f0706f8768ecc5216a97eb6973e838c3ac2e2fca2cc8
mlx-metal==0.29.3 --hash=sha256:f426d4b67f96b4d6f0ed50d5992933595aadb370dc3e9ed2410bafbc16229882
mpmath==1.3.0 --hash=sha256:a0b2b9fe80bbcd81a6647ff13108738cfb482d481d826cc0e02f5b35e5c88d2c
numpy==2.5.3 --hash=sha256:a72f874bc9e10e4b8f80426fb49716d5141f64442a0c8418065093ec8017fbb0
packaging==26.3 --hash=sha256:d7193f7c8e4e93f444fde0262bf90af30e16fa0ad0ad44cb553c87339b23cd1c
pycparser==3.0 --hash=sha256:b727414169a36b7d524c1c3e31839a521725078d7b2ff038656844266160a992
pypinyin==0.55.0 --hash=sha256:d53b1e8ad2cdb815fb2cb604ed3123372f5a28c6f447571244aca36fc62a286f
pyyaml==6.0.3 --hash=sha256:fc09d0aa354569bc501d4e787133afc08552722d3ab34836a80547331bb5d4a0
setuptools==84.0.0 --hash=sha256:51a52592b3b99e102b609654876bd65f19f999935166d1352678931132b0c670
sounddevice==0.5.6 --hash=sha256:e3aef00ad8b1d1740eb66d9a7671eab88a4d2b8fa4ab33498d742e63b65c309c
soundfile==0.14.0 --hash=sha256:d828d35a059626da52f1415b5faee610aeab393319cb3fc4a9aef47b619fc14c
sympy==1.14.0 --hash=sha256:e091cc3e99d2141a0ba2847328f5479b05d94a6635cb96148ccb3f34671bd8f5
tqdm==4.70.1 --hash=sha256:c293e525e6fef9c20e8728fd4612df02a0aa31bb5fe91ecd93e123b1b7bffa73
typing-extensions==4.16.0 --hash=sha256:481caa481374e813c1b176ada14e97f1f67a4539ce9cfeb3f350d78d6370c2e8
vocos-mlx==0.0.7 --hash=sha256:a80ea5961811e982ef82a77b2450ea4cbeb5c47318497acaddbea4b58cbaa8d6
